// !$*UTF8*$!
{
	archiveVersion = 1;
	classes = {
	};
	objectVersion = 46;
	objects = {

/* Begin PBXGroup section */
		0ABDF41C18B6EC1F00819A77 = {
			isa = PBXGroup;
			children = (
			);
			sourceTree = "<group>";
		};
/* End PBXGroup section */

/* Begin PBXProject section */
		0ABDF41D18B6EC1F00819A77 /* Project object */ = {
			isa = PBXProject;
			attributes = {
				LastUpgradeCheck = 0500;
			};
			buildConfigurationList = 0ABDF42018B6EC1F00819A77 /* Build configuration list for PBXProject "GW2Kit Tests" */;
			compatibilityVersion = "Xcode 3.2";
			developmentRegion = English;
			hasScannedForEncodings = 0;
			knownRegions = (
				en,
			);
			mainGroup = 0ABDF41C18B6EC1F00819A77;
			projectDirPath = "";
			projectRoot = "";
			targets = (
			);
		};
/* End PBXProject section */

/* Begin XCBuildConfiguration section */
		0ABDF42118B6EC1F00819A77 /* Debug */ = {
			isa = XCBuildConfiguration;
			buildSettings = {
			};
			name = Debug;
		};
		0ABDF42218B6EC1F00819A77 /* Release */ = {
			isa = XCBuildConfiguration;
			buildSettings = {
			};
			name = Release;
		};
/* End XCBuildConfiguration section */

/* Begin XCConfigurationList section */
		0ABDF42018B6EC1F00819A77 /* Build configuration list for PBXProject "GW2Kit Tests" */ = {
			isa = XCConfigurationList;
			buildConfigurations = (
				0ABDF42118B6EC1F00819A77 /* Debug */,
				0ABDF42218B6EC1F00819A77 /* Release */,
			);
			defaultConfigurationIsVisible = 0;
			defaultConfigurationName = Release;
		};
/* End XCConfigurationList section */
	};
	rootObject = 0ABDF41D18B6EC1F00819A77 /* Project object */;
}
